
Microsoft Visual Studio Solution File, Format Version 12.00
# Visual Studio Version 17
VisualStudioVersion = 17.14.36127.28 d17.14
MinimumVisualStudioVersion = 10.0.40219.1
Project("{FAE04EC0-301F-11D3-BF4B-00C04F79EFBC}") = "WbAutoresponder", "WbAutoresponder.csproj", "{CA79E616-5A83-4B4C-B79C-4E7222CDC003}"
EndProject
Global
	GlobalSection(SolutionConfigurationPlatforms) = preSolution
		Debug|Any CPU = Debug|Any CPU
		Release|Any CPU = Release|Any CPU
	EndGlobalSection
	GlobalSection(ProjectConfigurationPlatforms) = postSolution
		{CA79E616-5A83-4B4C-B79C-4E7222CDC003}.Debug|Any CPU.ActiveCfg = Debug|Any CPU
		{CA79E616-5A83-4B4C-B79C-4E7222CDC003}.Debug|Any CPU.Build.0 = Debug|Any CPU
		{CA79E616-5A83-4B4C-B79C-4E7222CDC003}.Release|Any CPU.ActiveCfg = Release|Any CPU
		{CA79E616-5A83-4B4C-B79C-4E7222CDC003}.Release|Any CPU.Build.0 = Release|Any CPU
	EndGlobalSection
	GlobalSection(SolutionProperties) = preSolution
		HideSolutionNode = FALSE
	EndGlobalSection
	GlobalSection(ExtensibilityGlobals) = postSolution
		SolutionGuid = {0421F8C5-4245-4B1A-A895-7ABFA4A959D6}
	EndGlobalSection
EndGlobal
